github.com/ewollesen/optional-private-module v0.0.0-20241120191039-f60b841bffc4 h1:Ai+jqvU/Oa96S0niT6oqz2s6g1HWXAvjv8SB48Nm8M8=
github.com/ewollesen/optional-private-module v0.0.0-20241120191039-f60b841bffc4/go.mod h1:UVgsvEGMg6ybYH1JiopyMNrRPW0pMpBjGAAEvnUO8dA=
github.com/ewollesen/optional-private-module v0.0.0-20241121211825-3974bd975d1d h1:9jlXoKV6zPgStPGQ0qNNc1xdQENwU4HZm5IFLYk4K6k=
github.com/ewollesen/optional-private-module v0.0.0-20241121211825-3974bd975d1d/go.mod h1:UVgsvEGMg6ybYH1JiopyMNrRPW0pMpBjGAAEvnUO8dA=
